
Microsoft Visual Studio Solution File, Format Version 12.00
# Visual Studio Version 16
VisualStudioVersion = 16.0.29424.173
MinimumVisualStudioVersion = 10.0.40219.1
Project("{9A19103F-16F7-4668-BE54-9A1E7A4F7556}") = "Elevator", "Elevator.csproj", "{20B95A60-6BCE-45E5-8238-84F5438BAF1A}"
EndProject
Project("{FAE04EC0-301F-11D3-BF4B-00C04F79EFBC}") = "Tests", "..\Tests\Tests.csproj", "{85B952A5-9619-44BF-847D-1ADA6F0071D9}"
EndProject
Global
	GlobalSection(SolutionConfigurationPlatforms) = preSolution
		Debug|Any CPU = Debug|Any CPU
		Release|Any CPU = Release|Any CPU
	EndGlobalSection
	GlobalSection(ProjectConfigurationPlatforms) = postSolution
		{20B95A60-6BCE-45E5-8238-84F5438BAF1A}.Debug|Any CPU.ActiveCfg = Debug|Any CPU
		{20B95A60-6BCE-45E5-8238-84F5438BAF1A}.Debug|Any CPU.Build.0 = Debug|Any CPU
		{20B95A60-6BCE-45E5-8238-84F5438BAF1A}.Release|Any CPU.ActiveCfg = Release|Any CPU
		{20B95A60-6BCE-45E5-8238-84F5438BAF1A}.Release|Any CPU.Build.0 = Release|Any CPU
		{85B952A5-9619-44BF-847D-1ADA6F0071D9}.Debug|Any CPU.ActiveCfg = Debug|Any CPU
		{85B952A5-9619-44BF-847D-1ADA6F0071D9}.Debug|Any CPU.Build.0 = Debug|Any CPU
		{85B952A5-9619-44BF-847D-1ADA6F0071D9}.Release|Any CPU.ActiveCfg = Release|Any CPU
		{85B952A5-9619-44BF-847D-1ADA6F0071D9}.Release|Any CPU.Build.0 = Release|Any CPU
	EndGlobalSection
	GlobalSection(SolutionProperties) = preSolution
		HideSolutionNode = FALSE
	EndGlobalSection
	GlobalSection(ExtensibilityGlobals) = postSolution
		SolutionGuid = {AC06CA46-EF09-4807-9F16-E2A3A255AA71}
	EndGlobalSection
EndGlobal
